// !$*UTF8*$!
{
	archiveVersion = 1;
	classes = {
	};
	objectVersion = 55;
	objects = {

/* Begin PBXBuildFile section */
		82AD06FE9D0C4BD439D8B7E7 /* Pods_KadaiChallenge12.framework in Frameworks */ = {isa = PBXBuildFile; fileRef = 7D6E2B270A83ABAAE74EF00A /* Pods_KadaiChallenge12.framework */; };
		D347A758282BC3B9000647E1 /* AppDelegate.swift in Sources */ = {isa = PBXBuildFile; fileRef = D347A757282BC3B9000647E1 /* AppDelegate.swift */; };
		D347A75A282BC3B9000647E1 /* SceneDelegate.swift in Sources */ = {isa = PBXBuildFile; fileRef = D347A759282BC3B9000647E1 /* SceneDelegate.swift */; };
		D347A75C282BC3B9000647E1 /* ViewController.swift in Sources */ = {isa = PBXBuildFile; fileRef = D347A75B282BC3B9000647E1 /* ViewController.swift */; };
		D347A75F282BC3B9000647E1 /* Main.storyboard in Resources */ = {isa = PBXBuildFile; fileRef = D347A75D282BC3B9000647E1 /* Main.storyboard */; };
		D347A761282BC3BB000647E1 /* Assets.xcassets in Resources */ = {isa = PBXBuildFile; fileRef = D347A760282BC3BB000647E1 /* Assets.xcassets */; };
		D347A764282BC3BB000647E1 /* LaunchScreen.storyboard in Resources */ = {isa = PBXBuildFile; fileRef = D347A762282BC3BB000647E1 /* LaunchScreen.storyboard */; };
/* End PBXBuildFile section */

/* Begin PBXFileReference section */
		53F7903076E83D8483CF8F7F /* Pods-KadaiChallenge12.debug.xcconfig */ = {isa = PBXFileReference; includeInIndex = 1; lastKnownFileType = text.xcconfig; name = "Pods-KadaiChallenge12.debug.xcconfig"; path = "Target Support Files/Pods-KadaiChallenge12/Pods-KadaiChallenge12.debug.xcconfig"; sourceTree = "<group>"; };
		7D6E2B270A83ABAAE74EF00A /* Pods_KadaiChallenge12.framework */ = {isa = PBXFileReference; explicitFileType = wrapper.framework; includeInIndex = 0; path = Pods_KadaiChallenge12.framework; sourceTree = BUILT_PRODUCTS_DIR; };
		9B899C09943248AAF1A74120 /* Pods-KadaiChallenge12.release.xcconfig */ = {isa = PBXFileReference; includeInIndex = 1; lastKnownFileType = text.xcconfig; name = "Pods-KadaiChallenge12.release.xcconfig"; path = "Target Support Files/Pods-KadaiChallenge12/Pods-KadaiChallenge12.release.xcconfig"; sourceTree = "<group>"; };
		D347A754282BC3B9000647E1 /* KadaiChallenge12.app */ = {isa = PBXFileReference; explicitFileType = wrapper.application; includeInIndex = 0; path = KadaiChallenge12.app; sourceTree = BUILT_PRODUCTS_DIR; };
		D347A757282BC3B9000647E1 /* AppDelegate.swift */ = {isa = PBXFileReference; lastKnownFileType = sourcecode.swift; path = AppDelegate.swift; sourceTree = "<group>"; };
		D347A759282BC3B9000647E1 /* SceneDelegate.swift */ = {isa = PBXFileReference; lastKnownFileType = sourcecode.swift; path = SceneDelegate.swift; sourceTree = "<group>"; };
		D347A75B282BC3B9000647E1 /* ViewController.swift */ = {isa = PBXFileReference; lastKnownFileType = sourcecode.swift; path = ViewController.swift; sourceTree = "<group>"; };
		D347A75E282BC3B9000647E1 /* Base */ = {isa = PBXFileReference; lastKnownFileType = file.storyboard; name = Base; path = Base.lproj/Main.storyboard; sourceTree = "<group>"; };
		D347A760282BC3BB000647E1 /* Assets.xcassets */ = {isa = PBXFileReference; lastKnownFileType = folder.assetcatalog; path = Assets.xcassets; sourceTree = "<group>"; };
		D347A763282BC3BB000647E1 /* Base */ = {isa = PBXFileReference; lastKnownFileType = file.storyboard; name = Base; path = Base.lproj/LaunchScreen.storyboard; sourceTree = "<group>"; };
		D347A765282BC3BB000647E1 /* Info.plist */ = {isa = PBXFileReference; lastKnownFileType = text.plist.xml; path = Info.plist; sourceTree = "<group>"; };
/* End PBXFileReference section */

/* Begin PBXFrameworksBuildPhase section */
		D347A751282BC3B9000647E1 /* Frameworks */ = {
			isa = PBXFrameworksBuildPhase;
			buildActionMask = 2147483647;
			files = (
				82AD06FE9D0C4BD439D8B7E7 /* Pods_KadaiChallenge12.framework in Frameworks */,
			);
			runOnlyForDeploymentPostprocessing = 0;
		};
/* End PBXFrameworksBuildPhase section */

/* Begin PBXGroup section */
		B12249C2250C8DD2C489FC3F /* Frameworks */ = {
			isa = PBXGroup;
			children = (
				7D6E2B270A83ABAAE74EF00A /* Pods_KadaiChallenge12.framework */,
			);
			name = Frameworks;
			sourceTree = "<group>";
		};
		D347A74B282BC3B9000647E1 = {
			isa = PBXGroup;
			children = (
				D347A756282BC3B9000647E1 /* KadaiChallenge12 */,
				D347A755282BC3B9000647E1 /* Products */,
				F91E2AA19D50233627EBE668 /* Pods */,
				B12249C2250C8DD2C489FC3F /* Frameworks */,
			);
			sourceTree = "<group>";
		};
		D347A755282BC3B9000647E1 /* Products */ = {
			isa = PBXGroup;
			children = (
				D347A754282BC3B9000647E1 /* KadaiChallenge12.app */,
			);
			name = Products;
			sourceTree = "<group>";
		};
		D347A756282BC3B9000647E1 /* KadaiChallenge12 */ = {
			isa = PBXGroup;
			children = (
				D347A757282BC3B9000647E1 /* AppDelegate.swift */,
				D347A759282BC3B9000647E1 /* SceneDelegate.swift */,
				D347A75B282BC3B9000647E1 /* ViewController.swift */,
				D347A75D282BC3B9000647E1 /* Main.storyboard */,
				D347A760282BC3BB000647E1 /* Assets.xcassets */,
				D347A762282BC3BB000647E1 /* LaunchScreen.storyboard */,
				D347A765282BC3BB000647E1 /* Info.plist */,
			);
			path = KadaiChallenge12;
			sourceTree = "<group>";
		};
		F91E2AA19D50233627EBE668 /* Pods */ = {
			isa = PBXGroup;
			children = (
				53F7903076E83D8483CF8F7F /* Pods-KadaiChallenge12.debug.xcconfig */,
				9B899C09943248AAF1A74120 /* Pods-KadaiChallenge12.release.xcconfig */,
			);
			path = Pods;
			sourceTree = "<group>";
		};
/* End PBXGroup section */

/* Begin PBXNativeTarget section */
		D347A753282BC3B9000647E1 /* KadaiChallenge12 */ = {
			isa = PBXNativeTarget;
			buildConfigurationList = D347A768282BC3BB000647E1 /* Build configuration list for PBXNativeTarget "KadaiChallenge12" */;
			buildPhases = (
				46E03FA030D27E462A7F5D03 /* [CP] Check Pods Manifest.lock */,
				D347A750282BC3B9000647E1 /* Sources */,
				D347A751282BC3B9000647E1 /* Frameworks */,
				D347A752282BC3B9000647E1 /* Resources */,
				D347A76B282BC47A000647E1 /* ShellScript */,
			);
			buildRules = (
			);
			dependencies = (
			);
			name = KadaiChallenge12;
			productName = KadaiChallenge12;
			productReference = D347A754282BC3B9000647E1 /* KadaiChallenge12.app */;
			productType = "com.apple.product-type.application";
		};
/* End PBXNativeTarget section */

/* Begin PBXProject section */
		D347A74C282BC3B9000647E1 /* Project object */ = {
			isa = PBXProject;
			attributes = {
				BuildIndependentTargetsInParallel = 1;
				LastSwiftUpdateCheck = 1330;
				LastUpgradeCheck = 1330;
				TargetAttributes = {
					D347A753282BC3B9000647E1 = {
						CreatedOnToolsVersion = 13.3.1;
					};
				};
			};
			buildConfigurationList = D347A74F282BC3B9000647E1 /* Build configuration list for PBXProject "KadaiChallenge12" */;
			compatibilityVersion = "Xcode 13.0";
			developmentRegion = en;
			hasScannedForEncodings = 0;
			knownRegions = (
				en,
				Base,
			);
			mainGroup = D347A74B282BC3B9000647E1;
			productRefGroup = D347A755282BC3B9000647E1 /* Products */;
			projectDirPath = "";
			projectRoot = "";
			targets = (
				D347A753282BC3B9000647E1 /* KadaiChallenge12 */,
			);
		};
/* End PBXProject section */

/* Begin PBXResourcesBuildPhase section */
		D347A752282BC3B9000647E1 /* Resources */ = {
			isa = PBXResourcesBuildPhase;
			buildActionMask = 2147483647;
			files = (
				D347A764282BC3BB000647E1 /* LaunchScreen.storyboard in Resources */,
				D347A761282BC3BB000647E1 /* Assets.xcassets in Resources */,
				D347A75F282BC3B9000647E1 /* Main.storyboard in Resources */,
			);
			runOnlyForDeploymentPostprocessing = 0;
		};
/* End PBXResourcesBuildPhase section */

/* Begin PBXShellScriptBuildPhase section */
		46E03FA030D27E462A7F5D03 /* [CP] Check Pods Manifest.lock */ = {
			isa = PBXShellScriptBuildPhase;
			buildActionMask = 2147483647;
			files = (
			);
			inputFileListPaths = (
			);
			inputPaths = (
				"${PODS_PODFILE_DIR_PATH}/Podfile.lock",
				"${PODS_ROOT}/Manifest.lock",
			);
			name = "[CP] Check Pods Manifest.lock";
			outputFileListPaths = (
			);
			outputPaths = (
				"$(DERIVED_FILE_DIR)/Pods-KadaiChallenge12-checkManifestLockResult.txt",
			);
			runOnlyForDeploymentPostprocessing = 0;
			shellPath = /bin/sh;
			shellScript = "diff \"${PODS_PODFILE_DIR_PATH}/Podfile.lock\" \"${PODS_ROOT}/Manifest.lock\" > /dev/null\nif [ $? != 0 ] ; then\n    # print error to STDERR\n    echo \"error: The sandbox is not in sync with the Podfile.lock. Run 'pod install' or update your CocoaPods installation.\" >&2\n    exit 1\nfi\n# This output is used by Xcode 'outputs' to avoid re-running this script phase.\necho \"SUCCESS\" > \"${SCRIPT_OUTPUT_FILE_0}\"\n";
			showEnvVarsInLog = 0;
		};
		D347A76B282BC47A000647E1 /* ShellScript */ = {
			isa = PBXShellScriptBuildPhase;
			buildActionMask = 2147483647;
			files = (
			);
			inputFileListPaths = (
			);
			inputPaths = (
			);
			outputFileListPaths = (
			);
			outputPaths = (
			);
			runOnlyForDeploymentPostprocessing = 0;
			shellPath = /bin/sh;
			shellScript = "if which \"${PODS_ROOT}/SwiftLint/swiftlint\" >/dev/null; then\n${PODS_ROOT}/SwiftLint/swiftlint\nelse\necho \"warning: SwiftLint not installed, download from https://github.com/realm/SwiftLint\"\nfi\n";
		};
/* End PBXShellScriptBuildPhase section */

/* Begin PBXSourcesBuildPhase section */
		D347A750282BC3B9000647E1 /* Sources */ = {
			isa = PBXSourcesBuildPhase;
			buildActionMask = 2147483647;
			files = (
				D347A75C282BC3B9000647E1 /* ViewController.swift in Sources */,
				D347A758282BC3B9000647E1 /* AppDelegate.swift in Sources */,
				D347A75A282BC3B9000647E1 /* SceneDelegate.swift in Sources */,
			);
			runOnlyForDeploymentPostprocessing = 0;
		};
/* End PBXSourcesBuildPhase section */

/* Begin PBXVariantGroup section */
		D347A75D282BC3B9000647E1 /* Main.storyboard */ = {
			isa = PBXVariantGroup;
			children = (
				D347A75E282BC3B9000647E1 /* Base */,
			);
			name = Main.storyboard;
			sourceTree = "<group>";
		};
		D347A762282BC3BB000647E1 /* LaunchScreen.storyboard */ = {
			isa = PBXVariantGroup;
			children = (
				D347A763282BC3BB000647E1 /* Base */,
			);
			name = LaunchScreen.storyboard;
			sourceTree = "<group>";
		};
/* End PBXVariantGroup section */

/* Begin XCBuildConfiguration section */
		D347A766282BC3BB000647E1 /* Debug */ = {
			isa = XCBuildConfiguration;
			buildSettings = {
				ALWAYS_SEARCH_USER_PATHS = NO;
				CLANG_ANALYZER_NONNULL = YES;
				CLANG_ANALYZER_NUMBER_OBJECT_CONVERSION = YES_AGGRESSIVE;
				CLANG_CXX_LANGUAGE_STANDARD = "gnu++17";
				CLANG_ENABLE_MODULES = YES;
				CLANG_ENABLE_OBJC_ARC = YES;
				CLANG_ENABLE_OBJC_WEAK = YES;
				CLANG_WARN_BLOCK_CAPTURE_AUTORELEASING = YES;
				CLANG_WARN_BOOL_CONVERSION = YES;
				CLANG_WARN_COMMA = YES;
				CLANG_WARN_CONSTANT_CONVERSION = YES;
				CLANG_WARN_DEPRECATED_OBJC_IMPLEMENTATIONS = YES;
				CLANG_WARN_DIRECT_OBJC_ISA_USAGE = YES_ERROR;
				CLANG_WARN_DOCUMENTATION_COMMENTS = YES;
				CLANG_WARN_EMPTY_BODY = YES;
				CLANG_WARN_ENUM_CONVERSION = YES;
				CLANG_WARN_INFINITE_RECURSION = YES;
				CLANG_WARN_INT_CONVERSION = YES;
				CLANG_WARN_NON_LITERAL_NULL_CONVERSION = YES;
				CLANG_WARN_OBJC_IMPLICIT_RETAIN_SELF = YES;
				CLANG_WARN_OBJC_LITERAL_CONVERSION = YES;
				CLANG_WARN_OBJC_ROOT_CLASS = YES_ERROR;
				CLANG_WARN_QUOTED_INCLUDE_IN_FRAMEWORK_HEADER = YES;
				CLANG_WARN_RANGE_LOOP_ANALYSIS = YES;
				CLANG_WARN_STRICT_PROTOTYPES = YES;
				CLANG_WARN_SUSPICIOUS_MOVE = YES;
				CLANG_WARN_UNGUARDED_AVAILABILITY = YES_AGGRESSIVE;
				CLANG_WARN_UNREACHABLE_CODE = YES;
				CLANG_WARN__DUPLICATE_METHOD_MATCH = YES;
				COPY_PHASE_STRIP = NO;
				DEBUG_INFORMATION_FORMAT = dwarf;
				ENABLE_STRICT_OBJC_MSGSEND = YES;
				ENABLE_TESTABILITY = YES;
				GCC_C_LANGUAGE_STANDARD = gnu11;
				GCC_DYNAMIC_NO_PIC = NO;
				GCC_NO_COMMON_BLOCKS = YES;
				GCC_OPTIMIZATION_LEVEL = 0;
				GCC_PREPROCESSOR_DEFINITIONS = (
					"DEBUG=1",
					"$(inherited)",
				);
				GCC_WARN_64_TO_32_BIT_CONVERSION = YES;
				GCC_WARN_ABOUT_RETURN_TYPE = YES_ERROR;
				GCC_WARN_UNDECLARED_SELECTOR = YES;
				GCC_WARN_UNINITIALIZED_AUTOS = YES_AGGRESSIVE;
				GCC_WARN_UNUSED_FUNCTION = YES;
				GCC_WARN_UNUSED_VARIABLE = YES;
				IPHONEOS_DEPLOYMENT_TARGET = 15.4;
				MTL_ENABLE_DEBUG_INFO = INCLUDE_SOURCE;
				MTL_FAST_MATH = YES;
				ONLY_ACTIVE_ARCH = YES;
				SDKROOT = iphoneos;
				SWIFT_ACTIVE_COMPILATION_CONDITIONS = DEBUG;
				SWIFT_OPTIMIZATION_LEVEL = "-Onone";
			};
			name = Debug;
		};
		D347A767282BC3BB000647E1 /* Release */ = {
			isa = XCBuildConfiguration;
			buildSettings = {
				ALWAYS_SEARCH_USER_PATHS = NO;
				CLANG_ANALYZER_NONNULL = YES;
				CLANG_ANALYZER_NUMBER_OBJECT_CONVERSION = YES_AGGRESSIVE;
				CLANG_CXX_LANGUAGE_STANDARD = "gnu++17";
				CLANG_ENABLE_MODULES = YES;
				CLANG_ENABLE_OBJC_ARC = YES;
				CLANG_ENABLE_OBJC_WEAK = YES;
				CLANG_WARN_BLOCK_CAPTURE_AUTORELEASING = YES;
				CLANG_WARN_BOOL_CONVERSION = YES;
				CLANG_WARN_COMMA = YES;
				CLANG_WARN_CONSTANT_CONVERSION = YES;
				CLANG_WARN_DEPRECATED_OBJC_IMPLEMENTATIONS = YES;
				CLANG_WARN_DIRECT_OBJC_ISA_USAGE = YES_ERROR;
				CLANG_WARN_DOCUMENTATION_COMMENTS = YES;
				CLANG_WARN_EMPTY_BODY = YES;
				CLANG_WARN_ENUM_CONVERSION = YES;
				CLANG_WARN_INFINITE_RECURSION = YES;
				CLANG_WARN_INT_CONVERSION = YES;
				CLANG_WARN_NON_LITERAL_NULL_CONVERSION = YES;
				CLANG_WARN_OBJC_IMPLICIT_RETAIN_SELF = YES;
				CLANG_WARN_OBJC_LITERAL_CONVERSION = YES;
				CLANG_WARN_OBJC_ROOT_CLASS = YES_ERROR;
				CLANG_WARN_QUOTED_INCLUDE_IN_FRAMEWORK_HEADER = YES;
				CLANG_WARN_RANGE_LOOP_ANALYSIS = YES;
				CLANG_WARN_STRICT_PROTOTYPES = YES;
				CLANG_WARN_SUSPICIOUS_MOVE = YES;
				CLANG_WARN_UNGUARDED_AVAILABILITY = YES_AGGRESSIVE;
				CLANG_WARN_UNREACHABLE_CODE = YES;
				CLANG_WARN__DUPLICATE_METHOD_MATCH = YES;
				COPY_PHASE_STRIP = NO;
				DEBUG_INFORMATION_FORMAT = "dwarf-with-dsym";
				ENABLE_NS_ASSERTIONS = NO;
				ENABLE_STRICT_OBJC_MSGSEND = YES;
				GCC_C_LANGUAGE_STANDARD = gnu11;
				GCC_NO_COMMON_BLOCKS = YES;
				GCC_WARN_64_TO_32_BIT_CONVERSION = YES;
				GCC_WARN_ABOUT_RETURN_TYPE = YES_ERROR;
				GCC_WARN_UNDECLARED_SELECTOR = YES;
				GCC_WARN_UNINITIALIZED_AUTOS = YES_AGGRESSIVE;
				GCC_WARN_UNUSED_FUNCTION = YES;
				GCC_WARN_UNUSED_VARIABLE = YES;
				IPHONEOS_DEPLOYMENT_TARGET = 15.4;
				MTL_ENABLE_DEBUG_INFO = NO;
				MTL_FAST_MATH = YES;
				SDKROOT = iphoneos;
				SWIFT_COMPILATION_MODE = wholemodule;
				SWIFT_OPTIMIZATION_LEVEL = "-O";
				VALIDATE_PRODUCT = YES;
			};
			name = Release;
		};
		D347A769282BC3BB000647E1 /* Debug */ = {
			isa = XCBuildConfiguration;
			baseConfigurationReference = 53F7903076E83D8483CF8F7F /* Pods-KadaiChallenge12.debug.xcconfig */;
			buildSettings = {
				ASSETCATALOG_COMPILER_APPICON_NAME = AppIcon;
				ASSETCATALOG_COMPILER_GLOBAL_ACCENT_COLOR_NAME = AccentColor;
				CODE_SIGN_STYLE = Automatic;
				CURRENT_PROJECT_VERSION = 1;
				DEVELOPMENT_TEAM = P9J6V4A6LZ;
				GENERATE_INFOPLIST_FILE = YES;
				INFOPLIST_FILE = KadaiChallenge12/Info.plist;
				INFOPLIST_KEY_UIApplicationSupportsIndirectInputEvents = YES;
				INFOPLIST_KEY_UILaunchStoryboardName = LaunchScreen;
				INFOPLIST_KEY_UIMainStoryboardFile = Main;
				INFOPLIST_KEY_UISupportedInterfaceOrientations_iPad = "UIInterfaceOrientationPortrait UIInterfaceOrientationPortraitUpsideDown UIInterfaceOrientationLandscapeLeft UIInterfaceOrientationLandscapeRight";
				INFOPLIST_KEY_UISupportedInterfaceOrientations_iPhone = "UIInterfaceOrientationPortrait UIInterfaceOrientationLandscapeLeft UIInterfaceOrientationLandscapeRight";
				LD_RUNPATH_SEARCH_PATHS = (
					"$(inherited)",
					"@executable_path/Frameworks",
				);
				MARKETING_VERSION = 1.0;
				PRODUCT_BUNDLE_IDENTIFIER = "Swift-Beginners.KadaiChallenge12";
				PRODUCT_NAME = "$(TARGET_NAME)";
				SWIFT_EMIT_LOC_STRINGS = YES;
				SWIFT_VERSION = 5.0;
				TARGETED_DEVICE_FAMILY = "1,2";
			};
			name = Debug;
		};
		D347A76A282BC3BB000647E1 /* Release */ = {
			isa = XCBuildConfiguration;
			baseConfigurationReference = 9B899C09943248AAF1A74120 /* Pods-KadaiChallenge12.release.xcconfig */;
			buildSettings = {
				ASSETCATALOG_COMPILER_APPICON_NAME = AppIcon;
				ASSETCATALOG_COMPILER_GLOBAL_ACCENT_COLOR_NAME = AccentColor;
				CODE_SIGN_STYLE = Automatic;
				CURRENT_PROJECT_VERSION = 1;
				DEVELOPMENT_TEAM = P9J6V4A6LZ;
				GENERATE_INFOPLIST_FILE = YES;
				INFOPLIST_FILE = KadaiChallenge12/Info.plist;
				INFOPLIST_KEY_UIApplicationSupportsIndirectInputEvents = YES;
				INFOPLIST_KEY_UILaunchStoryboardName = LaunchScreen;
				INFOPLIST_KEY_UIMainStoryboardFile = Main;
				INFOPLIST_KEY_UISupportedInterfaceOrientations_iPad = "UIInterfaceOrientationPortrait UIInterfaceOrientationPortraitUpsideDown UIInterfaceOrientationLandscapeLeft UIInterfaceOrientationLandscapeRight";
				INFOPLIST_KEY_UISupportedInterfaceOrientations_iPhone = "UIInterfaceOrientationPortrait UIInterfaceOrientationLandscapeLeft UIInterfaceOrientationLandscapeRight";
				LD_RUNPATH_SEARCH_PATHS = (
					"$(inherited)",
					"@executable_path/Frameworks",
				);
				MARKETING_VERSION = 1.0;
				PRODUCT_BUNDLE_IDENTIFIER = "Swift-Beginners.KadaiChallenge12";
				PRODUCT_NAME = "$(TARGET_NAME)";
				SWIFT_EMIT_LOC_STRINGS = YES;
				SWIFT_VERSION = 5.0;
				TARGETED_DEVICE_FAMILY = "1,2";
			};
			name = Release;
		};
/* End XCBuildConfiguration section */

/* Begin XCConfigurationList section */
		D347A74F282BC3B9000647E1 /* Build configuration list for PBXProject "KadaiChallenge12" */ = {
			isa = XCConfigurationList;
			buildConfigurations = (
				D347A766282BC3BB000647E1 /* Debug */,
				D347A767282BC3BB000647E1 /* Release */,
			);
			defaultConfigurationIsVisible = 0;
			defaultConfigurationName = Release;
		};
		D347A768282BC3BB000647E1 /* Build configuration list for PBXNativeTarget "KadaiChallenge12" */ = {
			isa = XCConfigurationList;
			buildConfigurations = (
				D347A769282BC3BB000647E1 /* Debug */,
				D347A76A282BC3BB000647E1 /* Release */,
			);
			defaultConfigurationIsVisible = 0;
			defaultConfigurationName = Release;
		};
/* End XCConfigurationList section */
	};
	rootObject = D347A74C282BC3B9000647E1 /* Project object */;
}
